{
  "version": 4,
  "terraform_version": "0.12.16",
  "serial": 12,
  "lineage": "645170c0-c575-2fa6-2b87-1e4764bf78ff",
  "outputs": {},
  "resources": [
    {
      "mode": "managed",
      "type": "aws_eip",
      "name": "ip",
      "provider": "provider.aws",
      "instances": [
        {
          "schema_version": 0,
          "attributes": {
            "allocation_id": null,
            "associate_with_private_ip": null,
            "association_id": "eipassoc-079527f152a724636",
            "domain": "vpc",
            "id": "eipalloc-0656a52bdcbe15513",
            "instance": "i-029bacef43a3d7365",
            "network_interface": "eni-04344839e5a18f53d",
            "private_dns": "ip-172-31-29-21.us-west-2.compute.internal",
            "private_ip": "172.31.29.21",
            "public_dns": "ec2-44-229-30-126.us-west-2.compute.amazonaws.com",
            "public_ip": "44.229.30.126",
            "public_ipv4_pool": "amazon",
            "tags": null,
            "timeouts": null,
            "vpc": true
          },
          "private": "eyJlMmJmYjczMC1lY2FhLTExZTYtOGY4OC0zNDM2M2JjN2M0YzAiOnsiZGVsZXRlIjoxODAwMDAwMDAwMDAsInJlYWQiOjkwMDAwMDAwMDAwMCwidXBkYXRlIjozMDAwMDAwMDAwMDB9fQ==",
          "dependencies": [
            "aws_instance.example",
            "aws_key_pair.example"
          ]
        }
      ]
    },
    {
      "mode": "managed",
      "type": "aws_instance",
      "name": "example",
      "provider": "provider.aws",
      "instances": [
        {
          "schema_version": 1,
          "attributes": {
            "ami": "ami-0a85857bfc5345c38",
            "arn": "arn:aws:ec2:us-west-2:439800815305:instance/i-029bacef43a3d7365",
            "associate_public_ip_address": true,
            "availability_zone": "us-west-2a",
            "cpu_core_count": 1,
            "cpu_threads_per_core": 1,
            "credit_specification": [
              {
                "cpu_credits": "standard"
              }
            ],
            "disable_api_termination": false,
            "ebs_block_device": [],
            "ebs_optimized": false,
            "ephemeral_block_device": [],
            "get_password_data": false,
            "host_id": null,
            "iam_instance_profile": "",
            "id": "i-029bacef43a3d7365",
            "instance_initiated_shutdown_behavior": null,
            "instance_state": "running",
            "instance_type": "t2.micro",
            "ipv6_address_count": 0,
            "ipv6_addresses": [],
            "key_name": "pi_key",
            "monitoring": false,
            "network_interface": [],
            "network_interface_id": null,
            "password_data": "",
            "placement_group": "",
            "primary_network_interface_id": "eni-04344839e5a18f53d",
            "private_dns": "ip-172-31-29-21.us-west-2.compute.internal",
            "private_ip": "172.31.29.21",
            "public_dns": "ec2-52-37-42-156.us-west-2.compute.amazonaws.com",
            "public_ip": "52.37.42.156",
            "root_block_device": [
              {
                "delete_on_termination": true,
                "encrypted": false,
                "iops": 100,
                "kms_key_id": "",
                "volume_id": "vol-0191ddb5b7c89eafe",
                "volume_size": 8,
                "volume_type": "gp2"
              }
            ],
            "security_groups": [
              "flask",
              "launch-wizard-2"
            ],
            "source_dest_check": true,
            "subnet_id": "subnet-36102753",
            "tags": null,
            "tenancy": "default",
            "timeouts": null,
            "user_data": null,
            "user_data_base64": null,
            "volume_tags": {},
            "vpc_security_group_ids": [
              "sg-0f1afabb0b4a8784d",
              "sg-0f76a428cd4e61dcf"
            ]
          },
          "private": "eyJlMmJmYjczMC1lY2FhLTExZTYtOGY4OC0zNDM2M2JjN2M0YzAiOnsiY3JlYXRlIjo2MDAwMDAwMDAwMDAsImRlbGV0ZSI6MTIwMDAwMDAwMDAwMCwidXBkYXRlIjo2MDAwMDAwMDAwMDB9LCJzY2hlbWFfdmVyc2lvbiI6IjEifQ==",
          "dependencies": [
            "aws_key_pair.example"
          ]
        }
      ]
    },
    {
      "mode": "managed",
      "type": "aws_key_pair",
      "name": "example",
      "provider": "provider.aws",
      "instances": [
        {
          "schema_version": 1,
          "attributes": {
            "fingerprint": "83:7e:f4:b9:aa:44:d6:9b:a5:e5:23:a8:bb:43:10:91",
            "id": "pi_key",
            "key_name": "pi_key",
            "key_name_prefix": null,
            "public_key": "ssh-rsa AAAAB3NzaC1yc2EAAAADAQABAAABAQDKrhAPRWYzav7XKTo8hrldGIp8fNcFxhd2OMIh11XGae/hinnmFphCCXKZbCg5xabSjlepRivZxh6Wx1tlYm87G/TZbBgxoFzRJC4/hfndKhO7FOHPbyegHR5UgjV9XAJN1XSkD/BNyeepL8meVd1nFtSSVM0nXWmZ9vaE0nsmPVm9IE6UDF13Q6X7IV9yFKLFBTiOnc6fBcem4WssCsEp+GLG/nAVwJc0P5KIBJyinYtMy/zOsV89p6kiMKCxjVhgMF0JuRRCmMH991LSWtZd/p2eMhMW4Eo+F5EE7tsuMHS70Uzwx9CTVgU1BxZns0wpAhIrBdY2t/e2804rg//9 pi@raspberrypi"
          },
          "private": "eyJzY2hlbWFfdmVyc2lvbiI6IjEifQ=="
        }
      ]
    }
  ]
}
